
Microsoft Visual Studio Solution File, Format Version 12.00
# Visual Studio Version 16
VisualStudioVersion = 16.0.31005.135
MinimumVisualStudioVersion = 10.0.40219.1
Project("{FAE04EC0-301F-11D3-BF4B-00C04F79EFBC}") = "413_team_project", "413_team_project.csproj", "{0D08FE3D-CBEB-4E15-80F9-1BAF67408CAF}"
EndProject
Global
	GlobalSection(SolutionConfigurationPlatforms) = preSolution
		Debug|Any CPU = Debug|Any CPU
		Release|Any CPU = Release|Any CPU
	EndGlobalSection
	GlobalSection(ProjectConfigurationPlatforms) = postSolution
		{0D08FE3D-CBEB-4E15-80F9-1BAF67408CAF}.Debug|Any CPU.ActiveCfg = Debug|Any CPU
		{0D08FE3D-CBEB-4E15-80F9-1BAF67408CAF}.Debug|Any CPU.Build.0 = Debug|Any CPU
		{0D08FE3D-CBEB-4E15-80F9-1BAF67408CAF}.Release|Any CPU.ActiveCfg = Release|Any CPU
		{0D08FE3D-CBEB-4E15-80F9-1BAF67408CAF}.Release|Any CPU.Build.0 = Release|Any CPU
	EndGlobalSection
	GlobalSection(SolutionProperties) = preSolution
		HideSolutionNode = FALSE
	EndGlobalSection
	GlobalSection(ExtensibilityGlobals) = postSolution
		SolutionGuid = {4B000075-D5EB-4012-962C-04154D442BF6}
	EndGlobalSection
EndGlobal
